
Microsoft Visual Studio Solution File, Format Version 12.00
# Visual Studio Version 17
VisualStudioVersion = 17.6.33829.357
MinimumVisualStudioVersion = 10.0.40219.1
Project("{FAE04EC0-301F-11D3-BF4B-00C04F79EFBC}") = "stranka-kopie", "stranka-kopie\stranka-kopie.csproj", "{EA8A3615-187A-4052-A93A-82F54F948BDF}"
EndProject
Global
	GlobalSection(SolutionConfigurationPlatforms) = preSolution
		Debug|Any CPU = Debug|Any CPU
		Release|Any CPU = Release|Any CPU
	EndGlobalSection
	GlobalSection(ProjectConfigurationPlatforms) = postSolution
		{EA8A3615-187A-4052-A93A-82F54F948BDF}.Debug|Any CPU.ActiveCfg = Debug|Any CPU
		{EA8A3615-187A-4052-A93A-82F54F948BDF}.Debug|Any CPU.Build.0 = Debug|Any CPU
		{EA8A3615-187A-4052-A93A-82F54F948BDF}.Release|Any CPU.ActiveCfg = Release|Any CPU
		{EA8A3615-187A-4052-A93A-82F54F948BDF}.Release|Any CPU.Build.0 = Release|Any CPU
	EndGlobalSection
	GlobalSection(SolutionProperties) = preSolution
		HideSolutionNode = FALSE
	EndGlobalSection
	GlobalSection(ExtensibilityGlobals) = postSolution
		SolutionGuid = {70B9F02F-659A-444A-B2EF-FF2C4454D191}
	EndGlobalSection
EndGlobal
